
Microsoft Visual Studio Solution File, Format Version 12.00
# Visual Studio Version 17
VisualStudioVersion = 17.6.33723.286
MinimumVisualStudioVersion = 10.0.40219.1
Project("{FAE04EC0-301F-11D3-BF4B-00C04F79EFBC}") = "AspCyber", "AspCyber\AspCyber.csproj", "{4EC11563-C430-458A-904D-2EF8CE82266C}"
EndProject
Global
	GlobalSection(SolutionConfigurationPlatforms) = preSolution
		Debug|Any CPU = Debug|Any CPU
		Release|Any CPU = Release|Any CPU
	EndGlobalSection
	GlobalSection(ProjectConfigurationPlatforms) = postSolution
		{4EC11563-C430-458A-904D-2EF8CE82266C}.Debug|Any CPU.ActiveCfg = Debug|Any CPU
		{4EC11563-C430-458A-904D-2EF8CE82266C}.Debug|Any CPU.Build.0 = Debug|Any CPU
		{4EC11563-C430-458A-904D-2EF8CE82266C}.Release|Any CPU.ActiveCfg = Release|Any CPU
		{4EC11563-C430-458A-904D-2EF8CE82266C}.Release|Any CPU.Build.0 = Release|Any CPU
	EndGlobalSection
	GlobalSection(SolutionProperties) = preSolution
		HideSolutionNode = FALSE
	EndGlobalSection
	GlobalSection(ExtensibilityGlobals) = postSolution
		SolutionGuid = {4DC55D64-C354-4109-9A7A-B007EFE51E12}
	EndGlobalSection
EndGlobal
