
Microsoft Visual Studio Solution File, Format Version 12.00
# Visual Studio Version 17
VisualStudioVersion = 17.6.33723.286
MinimumVisualStudioVersion = 10.0.40219.1
Project("{FAE04EC0-301F-11D3-BF4B-00C04F79EFBC}") = "ASP_CB", "ASP_CB\ASP_CB.csproj", "{CA0A8473-AE3E-422F-8E58-3C3CA2C19153}"
EndProject
Global
	GlobalSection(SolutionConfigurationPlatforms) = preSolution
		Debug|Any CPU = Debug|Any CPU
		Release|Any CPU = Release|Any CPU
	EndGlobalSection
	GlobalSection(ProjectConfigurationPlatforms) = postSolution
		{CA0A8473-AE3E-422F-8E58-3C3CA2C19153}.Debug|Any CPU.ActiveCfg = Debug|Any CPU
		{CA0A8473-AE3E-422F-8E58-3C3CA2C19153}.Debug|Any CPU.Build.0 = Debug|Any CPU
		{CA0A8473-AE3E-422F-8E58-3C3CA2C19153}.Release|Any CPU.ActiveCfg = Release|Any CPU
		{CA0A8473-AE3E-422F-8E58-3C3CA2C19153}.Release|Any CPU.Build.0 = Release|Any CPU
	EndGlobalSection
	GlobalSection(SolutionProperties) = preSolution
		HideSolutionNode = FALSE
	EndGlobalSection
	GlobalSection(ExtensibilityGlobals) = postSolution
		SolutionGuid = {E8670AA2-6A72-4B76-897E-377C73AB23D7}
	EndGlobalSection
EndGlobal
